
Microsoft Visual Studio Solution File, Format Version 12.00
# Visual Studio Version 17
VisualStudioVersion = 17.11.35303.130
MinimumVisualStudioVersion = 10.0.40219.1
Project("{2150E333-8FDC-42A3-9474-1A3956D46DE8}") = "src", "src", "{F6B0154E-E544-419B-B31A-23090C1CAA92}"
EndProject
Project("{2150E333-8FDC-42A3-9474-1A3956D46DE8}") = "tests", "tests", "{C1B5112D-9872-4805-97AC-A47150A93A20}"
EndProject
Project("{9A19103F-16F7-4668-BE54-9A1E7A4F7556}") = "MyWorkID.Server", "src\MyWorkID.Server\MyWorkID.Server.csproj", "{87E59017-C107-4A77-AAEC-1C1057E75ED4}"
EndProject
Project("{54A90642-561A-4BB1-A94E-469ADEE60C69}") = "MyWorkID.Client", "src\MyWorkID.Client\MyWorkID.Client.esproj", "{9E7E8174-BEF9-4573-AE1F-ADBA8AF61CA7}"
EndProject
Project("{9A19103F-16F7-4668-BE54-9A1E7A4F7556}") = "MyWorkID.Server.IntegrationTests", "tests\MyWorkID.Server.IntegrationTests\MyWorkID.Server.IntegrationTests.csproj", "{23E152E9-D4CA-4B34-9FFB-B93660D8A894}"
EndProject
Project("{9A19103F-16F7-4668-BE54-9A1E7A4F7556}") = "MyWorkID.Server.UnitTests", "tests\MyWorkID.Server.UnitTests\MyWorkID.Server.UnitTests.csproj", "{4C38F385-8B19-4FC5-B1D7-1F82E8445A23}"
EndProject
Global
	GlobalSection(SolutionConfigurationPlatforms) = preSolution
		Debug|Any CPU = Debug|Any CPU
		Release|Any CPU = Release|Any CPU
	EndGlobalSection
	GlobalSection(ProjectConfigurationPlatforms) = postSolution
		{87E59017-C107-4A77-AAEC-1C1057E75ED4}.Debug|Any CPU.ActiveCfg = Debug|Any CPU
		{87E59017-C107-4A77-AAEC-1C1057E75ED4}.Debug|Any CPU.Build.0 = Debug|Any CPU
		{87E59017-C107-4A77-AAEC-1C1057E75ED4}.Release|Any CPU.ActiveCfg = Release|Any CPU
		{87E59017-C107-4A77-AAEC-1C1057E75ED4}.Release|Any CPU.Build.0 = Release|Any CPU
		{9E7E8174-BEF9-4573-AE1F-ADBA8AF61CA7}.Debug|Any CPU.ActiveCfg = Debug|Any CPU
		{9E7E8174-BEF9-4573-AE1F-ADBA8AF61CA7}.Debug|Any CPU.Build.0 = Debug|Any CPU
		{9E7E8174-BEF9-4573-AE1F-ADBA8AF61CA7}.Debug|Any CPU.Deploy.0 = Debug|Any CPU
		{9E7E8174-BEF9-4573-AE1F-ADBA8AF61CA7}.Release|Any CPU.ActiveCfg = Release|Any CPU
		{9E7E8174-BEF9-4573-AE1F-ADBA8AF61CA7}.Release|Any CPU.Build.0 = Release|Any CPU
		{9E7E8174-BEF9-4573-AE1F-ADBA8AF61CA7}.Release|Any CPU.Deploy.0 = Release|Any CPU
		{23E152E9-D4CA-4B34-9FFB-B93660D8A894}.Debug|Any CPU.ActiveCfg = Debug|Any CPU
		{23E152E9-D4CA-4B34-9FFB-B93660D8A894}.Debug|Any CPU.Build.0 = Debug|Any CPU
		{23E152E9-D4CA-4B34-9FFB-B93660D8A894}.Release|Any CPU.ActiveCfg = Release|Any CPU
		{23E152E9-D4CA-4B34-9FFB-B93660D8A894}.Release|Any CPU.Build.0 = Release|Any CPU
		{4C38F385-8B19-4FC5-B1D7-1F82E8445A23}.Debug|Any CPU.ActiveCfg = Debug|Any CPU
		{4C38F385-8B19-4FC5-B1D7-1F82E8445A23}.Debug|Any CPU.Build.0 = Debug|Any CPU
		{4C38F385-8B19-4FC5-B1D7-1F82E8445A23}.Release|Any CPU.ActiveCfg = Release|Any CPU
		{4C38F385-8B19-4FC5-B1D7-1F82E8445A23}.Release|Any CPU.Build.0 = Release|Any CPU
	EndGlobalSection
	GlobalSection(SolutionProperties) = preSolution
		HideSolutionNode = FALSE
	EndGlobalSection
	GlobalSection(NestedProjects) = preSolution
		{87E59017-C107-4A77-AAEC-1C1057E75ED4} = {F6B0154E-E544-419B-B31A-23090C1CAA92}
		{9E7E8174-BEF9-4573-AE1F-ADBA8AF61CA7} = {F6B0154E-E544-419B-B31A-23090C1CAA92}
		{23E152E9-D4CA-4B34-9FFB-B93660D8A894} = {C1B5112D-9872-4805-97AC-A47150A93A20}
		{4C38F385-8B19-4FC5-B1D7-1F82E8445A23} = {C1B5112D-9872-4805-97AC-A47150A93A20}
	EndGlobalSection
	GlobalSection(ExtensibilityGlobals) = postSolution
		SolutionGuid = {2172FC56-0746-4D0B-AFD7-1C7C17DD0EA0}
	EndGlobalSection
EndGlobal
