
Microsoft Visual Studio Solution File, Format Version 12.00
# Visual Studio Version 17
VisualStudioVersion = 17.7.34003.232
MinimumVisualStudioVersion = 10.0.40219.1
Project("{FAE04EC0-301F-11D3-BF4B-00C04F79EFBC}") = "c4a8.MyAccountVNext.API", "c4a8.MyAccountVNext.API\c4a8.MyAccountVNext.API.csproj", "{7103A619-21B6-4C5A-88C9-4EA489BD9274}"
EndProject
Global
	GlobalSection(SolutionConfigurationPlatforms) = preSolution
		Debug|Any CPU = Debug|Any CPU
		Release|Any CPU = Release|Any CPU
	EndGlobalSection
	GlobalSection(ProjectConfigurationPlatforms) = postSolution
		{7103A619-21B6-4C5A-88C9-4EA489BD9274}.Debug|Any CPU.ActiveCfg = Debug|Any CPU
		{7103A619-21B6-4C5A-88C9-4EA489BD9274}.Debug|Any CPU.Build.0 = Debug|Any CPU
		{7103A619-21B6-4C5A-88C9-4EA489BD9274}.Release|Any CPU.ActiveCfg = Release|Any CPU
		{7103A619-21B6-4C5A-88C9-4EA489BD9274}.Release|Any CPU.Build.0 = Release|Any CPU
	EndGlobalSection
	GlobalSection(SolutionProperties) = preSolution
		HideSolutionNode = FALSE
	EndGlobalSection
	GlobalSection(ExtensibilityGlobals) = postSolution
		SolutionGuid = {A840697D-31EB-42AE-9F2D-19842539537E}
	EndGlobalSection
EndGlobal
